
Microsoft Visual Studio Solution File, Format Version 12.00
# Visual Studio Version 17
VisualStudioVersion = 17.8.34322.80
MinimumVisualStudioVersion = 10.0.40219.1
Project("{FAE04EC0-301F-11D3-BF4B-00C04F79EFBC}") = "mvc_project", "mvc_project.csproj", "{EEFA27F6-697A-4EC4-8A61-6515AC9C788B}"
EndProject
Project("{FAE04EC0-301F-11D3-BF4B-00C04F79EFBC}") = "mvc_project.UnitTest", "..\mvc_project.UnitTest\mvc_project.UnitTest.csproj", "{E19884A6-A364-4183-8527-21017A3AB5C2}"
EndProject
Global
	GlobalSection(SolutionConfigurationPlatforms) = preSolution
		Debug|Any CPU = Debug|Any CPU
		Release|Any CPU = Release|Any CPU
	EndGlobalSection
	GlobalSection(ProjectConfigurationPlatforms) = postSolution
		{EEFA27F6-697A-4EC4-8A61-6515AC9C788B}.Debug|Any CPU.ActiveCfg = Debug|Any CPU
		{EEFA27F6-697A-4EC4-8A61-6515AC9C788B}.Debug|Any CPU.Build.0 = Debug|Any CPU
		{EEFA27F6-697A-4EC4-8A61-6515AC9C788B}.Release|Any CPU.ActiveCfg = Release|Any CPU
		{EEFA27F6-697A-4EC4-8A61-6515AC9C788B}.Release|Any CPU.Build.0 = Release|Any CPU
		{E19884A6-A364-4183-8527-21017A3AB5C2}.Debug|Any CPU.ActiveCfg = Debug|Any CPU
		{E19884A6-A364-4183-8527-21017A3AB5C2}.Debug|Any CPU.Build.0 = Debug|Any CPU
		{E19884A6-A364-4183-8527-21017A3AB5C2}.Release|Any CPU.ActiveCfg = Release|Any CPU
		{E19884A6-A364-4183-8527-21017A3AB5C2}.Release|Any CPU.Build.0 = Release|Any CPU
	EndGlobalSection
	GlobalSection(SolutionProperties) = preSolution
		HideSolutionNode = FALSE
	EndGlobalSection
	GlobalSection(ExtensibilityGlobals) = postSolution
		SolutionGuid = {5CA11C03-1448-4BA4-BD25-DABC37173F2E}
	EndGlobalSection
EndGlobal
